
Microsoft Visual Studio Solution File, Format Version 12.00
# Visual Studio Version 17
VisualStudioVersion = 17.6.33815.320
MinimumVisualStudioVersion = 10.0.40219.1
Project("{FAE04EC0-301F-11D3-BF4B-00C04F79EFBC}") = "Password.Android", "Password\Password.Android\Password.Android.csproj", "{477FB74A-00E3-4839-896D-68D21F6B951D}"
EndProject
Project("{FAE04EC0-301F-11D3-BF4B-00C04F79EFBC}") = "Password.iOS", "Password\Password.iOS\Password.iOS.csproj", "{035992E3-5B44-4EF8-A38E-567816A58AEF}"
EndProject
Project("{FAE04EC0-301F-11D3-BF4B-00C04F79EFBC}") = "Password", "Password\Password\Password.csproj", "{537690BD-758F-47E3-AE6E-E8F73E0AAF7E}"
EndProject
Global
	GlobalSection(SolutionConfigurationPlatforms) = preSolution
		Debug|Any CPU = Debug|Any CPU
		Debug|iPhone = Debug|iPhone
		Debug|iPhoneSimulator = Debug|iPhoneSimulator
		Release|Any CPU = Release|Any CPU
		Release|iPhone = Release|iPhone
		Release|iPhoneSimulator = Release|iPhoneSimulator
	EndGlobalSection
	GlobalSection(ProjectConfigurationPlatforms) = postSolution
		{477FB74A-00E3-4839-896D-68D21F6B951D}.Debug|Any CPU.ActiveCfg = Debug|Any CPU
		{477FB74A-00E3-4839-896D-68D21F6B951D}.Debug|Any CPU.Build.0 = Debug|Any CPU
		{477FB74A-00E3-4839-896D-68D21F6B951D}.Debug|Any CPU.Deploy.0 = Debug|Any CPU
		{477FB74A-00E3-4839-896D-68D21F6B951D}.Debug|iPhone.ActiveCfg = Debug|Any CPU
		{477FB74A-00E3-4839-896D-68D21F6B951D}.Debug|iPhone.Build.0 = Debug|Any CPU
		{477FB74A-00E3-4839-896D-68D21F6B951D}.Debug|iPhone.Deploy.0 = Debug|Any CPU
		{477FB74A-00E3-4839-896D-68D21F6B951D}.Debug|iPhoneSimulator.ActiveCfg = Debug|Any CPU
		{477FB74A-00E3-4839-896D-68D21F6B951D}.Debug|iPhoneSimulator.Build.0 = Debug|Any CPU
		{477FB74A-00E3-4839-896D-68D21F6B951D}.Debug|iPhoneSimulator.Deploy.0 = Debug|Any CPU
		{477FB74A-00E3-4839-896D-68D21F6B951D}.Release|Any CPU.ActiveCfg = Release|Any CPU
		{477FB74A-00E3-4839-896D-68D21F6B951D}.Release|Any CPU.Build.0 = Release|Any CPU
		{477FB74A-00E3-4839-896D-68D21F6B951D}.Release|Any CPU.Deploy.0 = Release|Any CPU
		{477FB74A-00E3-4839-896D-68D21F6B951D}.Release|iPhone.ActiveCfg = Release|Any CPU
		{477FB74A-00E3-4839-896D-68D21F6B951D}.Release|iPhone.Build.0 = Release|Any CPU
		{477FB74A-00E3-4839-896D-68D21F6B951D}.Release|iPhone.Deploy.0 = Release|Any CPU
		{477FB74A-00E3-4839-896D-68D21F6B951D}.Release|iPhoneSimulator.ActiveCfg = Release|Any CPU
		{477FB74A-00E3-4839-896D-68D21F6B951D}.Release|iPhoneSimulator.Build.0 = Release|Any CPU
		{477FB74A-00E3-4839-896D-68D21F6B951D}.Release|iPhoneSimulator.Deploy.0 = Release|Any CPU
		{035992E3-5B44-4EF8-A38E-567816A58AEF}.Debug|Any CPU.ActiveCfg = Debug|iPhone
		{035992E3-5B44-4EF8-A38E-567816A58AEF}.Debug|Any CPU.Build.0 = Debug|iPhone
		{035992E3-5B44-4EF8-A38E-567816A58AEF}.Debug|Any CPU.Deploy.0 = Debug|iPhone
		{035992E3-5B44-4EF8-A38E-567816A58AEF}.Debug|iPhone.ActiveCfg = Debug|iPhone
		{035992E3-5B44-4EF8-A38E-567816A58AEF}.Debug|iPhone.Build.0 = Debug|iPhone
		{035992E3-5B44-4EF8-A38E-567816A58AEF}.Debug|iPhone.Deploy.0 = Debug|iPhone
		{035992E3-5B44-4EF8-A38E-567816A58AEF}.Debug|iPhoneSimulator.ActiveCfg = Debug|iPhoneSimulator
		{035992E3-5B44-4EF8-A38E-567816A58AEF}.Debug|iPhoneSimulator.Build.0 = Debug|iPhoneSimulator
		{035992E3-5B44-4EF8-A38E-567816A58AEF}.Debug|iPhoneSimulator.Deploy.0 = Debug|iPhoneSimulator
		{035992E3-5B44-4EF8-A38E-567816A58AEF}.Release|Any CPU.ActiveCfg = Release|iPhoneSimulator
		{035992E3-5B44-4EF8-A38E-567816A58AEF}.Release|Any CPU.Build.0 = Release|iPhoneSimulator
		{035992E3-5B44-4EF8-A38E-567816A58AEF}.Release|Any CPU.Deploy.0 = Release|iPhoneSimulator
		{035992E3-5B44-4EF8-A38E-567816A58AEF}.Release|iPhone.ActiveCfg = Release|iPhone
		{035992E3-5B44-4EF8-A38E-567816A58AEF}.Release|iPhone.Build.0 = Release|iPhone
		{035992E3-5B44-4EF8-A38E-567816A58AEF}.Release|iPhone.Deploy.0 = Release|iPhone
		{035992E3-5B44-4EF8-A38E-567816A58AEF}.Release|iPhoneSimulator.ActiveCfg = Release|iPhoneSimulator
		{035992E3-5B44-4EF8-A38E-567816A58AEF}.Release|iPhoneSimulator.Build.0 = Release|iPhoneSimulator
		{035992E3-5B44-4EF8-A38E-567816A58AEF}.Release|iPhoneSimulator.Deploy.0 = Release|iPhoneSimulator
		{537690BD-758F-47E3-AE6E-E8F73E0AAF7E}.Debug|Any CPU.ActiveCfg = Debug|Any CPU
		{537690BD-758F-47E3-AE6E-E8F73E0AAF7E}.Debug|Any CPU.Build.0 = Debug|Any CPU
		{537690BD-758F-47E3-AE6E-E8F73E0AAF7E}.Debug|Any CPU.Deploy.0 = Debug|Any CPU
		{537690BD-758F-47E3-AE6E-E8F73E0AAF7E}.Debug|iPhone.ActiveCfg = Debug|Any CPU
		{537690BD-758F-47E3-AE6E-E8F73E0AAF7E}.Debug|iPhone.Build.0 = Debug|Any CPU
		{537690BD-758F-47E3-AE6E-E8F73E0AAF7E}.Debug|iPhone.Deploy.0 = Debug|Any CPU
		{537690BD-758F-47E3-AE6E-E8F73E0AAF7E}.Debug|iPhoneSimulator.ActiveCfg = Debug|Any CPU
		{537690BD-758F-47E3-AE6E-E8F73E0AAF7E}.Debug|iPhoneSimulator.Build.0 = Debug|Any CPU
		{537690BD-758F-47E3-AE6E-E8F73E0AAF7E}.Debug|iPhoneSimulator.Deploy.0 = Debug|Any CPU
		{537690BD-758F-47E3-AE6E-E8F73E0AAF7E}.Release|Any CPU.ActiveCfg = Release|Any CPU
		{537690BD-758F-47E3-AE6E-E8F73E0AAF7E}.Release|Any CPU.Build.0 = Release|Any CPU
		{537690BD-758F-47E3-AE6E-E8F73E0AAF7E}.Release|Any CPU.Deploy.0 = Release|Any CPU
		{537690BD-758F-47E3-AE6E-E8F73E0AAF7E}.Release|iPhone.ActiveCfg = Release|Any CPU
		{537690BD-758F-47E3-AE6E-E8F73E0AAF7E}.Release|iPhone.Build.0 = Release|Any CPU
		{537690BD-758F-47E3-AE6E-E8F73E0AAF7E}.Release|iPhone.Deploy.0 = Release|Any CPU
		{537690BD-758F-47E3-AE6E-E8F73E0AAF7E}.Release|iPhoneSimulator.ActiveCfg = Release|Any CPU
		{537690BD-758F-47E3-AE6E-E8F73E0AAF7E}.Release|iPhoneSimulator.Build.0 = Release|Any CPU
		{537690BD-758F-47E3-AE6E-E8F73E0AAF7E}.Release|iPhoneSimulator.Deploy.0 = Release|Any CPU
	EndGlobalSection
	GlobalSection(SolutionProperties) = preSolution
		HideSolutionNode = FALSE
	EndGlobalSection
	GlobalSection(ExtensibilityGlobals) = postSolution
		SolutionGuid = {40145CCC-81C5-485F-B650-07FF34CFEC5F}
	EndGlobalSection
EndGlobal
